
Microsoft Visual Studio Solution File, Format Version 12.00
# Visual Studio Version 17
VisualStudioVersion = 17.14.36203.30 d17.14
MinimumVisualStudioVersion = 10.0.40219.1
Project("{2150E333-8FDC-42A3-9474-1A3956D46DE8}") = "Solution Items", "Solution Items", "{8EC462FD-D22E-90A8-E5CE-7E832BA40C5D}"
	ProjectSection(SolutionItems) = preProject
		.gitignore = .gitignore
		README.md = README.md
	EndProjectSection
EndProject
Project("{2150E333-8FDC-42A3-9474-1A3956D46DE8}") = "Libraries", "Libraries", "{02EA681E-C7D8-13C7-8484-4AC65E1B71E8}"
EndProject
Project("{2150E333-8FDC-42A3-9474-1A3956D46DE8}") = "CLI Apps", "CLI Apps", "{08272D03-CA14-4874-ADAA-14D45DA63152}"
EndProject
Project("{FAE04EC0-301F-11D3-BF4B-00C04F79EFBC}") = "Lcl.VsUtilities", "Lcl.VsUtilities\Lcl.VsUtilities.csproj", "{ECE9D219-21A0-4C18-81EB-A6500210F863}"
EndProject
Global
	GlobalSection(SolutionConfigurationPlatforms) = preSolution
		Debug|Any CPU = Debug|Any CPU
		Release|Any CPU = Release|Any CPU
	EndGlobalSection
	GlobalSection(ProjectConfigurationPlatforms) = postSolution
		{ECE9D219-21A0-4C18-81EB-A6500210F863}.Debug|Any CPU.ActiveCfg = Debug|Any CPU
		{ECE9D219-21A0-4C18-81EB-A6500210F863}.Debug|Any CPU.Build.0 = Debug|Any CPU
		{ECE9D219-21A0-4C18-81EB-A6500210F863}.Release|Any CPU.ActiveCfg = Release|Any CPU
		{ECE9D219-21A0-4C18-81EB-A6500210F863}.Release|Any CPU.Build.0 = Release|Any CPU
	EndGlobalSection
	GlobalSection(SolutionProperties) = preSolution
		HideSolutionNode = FALSE
	EndGlobalSection
	GlobalSection(NestedProjects) = preSolution
		{ECE9D219-21A0-4C18-81EB-A6500210F863} = {02EA681E-C7D8-13C7-8484-4AC65E1B71E8}
	EndGlobalSection
	GlobalSection(ExtensibilityGlobals) = postSolution
		SolutionGuid = {2526F2E6-20AF-4039-91BE-07FB800FE20D}
	EndGlobalSection
EndGlobal
